
Microsoft Visual Studio Solution File, Format Version 12.00
# Visual Studio 15
VisualStudioVersion = 15.0.27703.2026
MinimumVisualStudioVersion = 10.0.40219.1
Project("{FAE04EC0-301F-11D3-BF4B-00C04F79EFBC}") = "QuartzNetCore.Zero.Server", "QuartzNetCore.Zero.Server\QuartzNetCore.Zero.Server.csproj", "{2BFC7B21-4C19-45BA-989F-D4C4499A3CD1}"
EndProject
Project("{FAE04EC0-301F-11D3-BF4B-00C04F79EFBC}") = "QuartzNet.Zero.Server.WebManager", "QuartzNet.Zero.Server.WebManager\QuartzNet.Zero.Server.WebManager.csproj", "{F525C568-6C84-4FCC-A8C4-0220F8427D9E}"
EndProject
Global
	GlobalSection(SolutionConfigurationPlatforms) = preSolution
		Debug|Any CPU = Debug|Any CPU
		Release|Any CPU = Release|Any CPU
	EndGlobalSection
	GlobalSection(ProjectConfigurationPlatforms) = postSolution
		{2BFC7B21-4C19-45BA-989F-D4C4499A3CD1}.Debug|Any CPU.ActiveCfg = Debug|Any CPU
		{2BFC7B21-4C19-45BA-989F-D4C4499A3CD1}.Debug|Any CPU.Build.0 = Debug|Any CPU
		{2BFC7B21-4C19-45BA-989F-D4C4499A3CD1}.Release|Any CPU.ActiveCfg = Release|Any CPU
		{2BFC7B21-4C19-45BA-989F-D4C4499A3CD1}.Release|Any CPU.Build.0 = Release|Any CPU
		{F525C568-6C84-4FCC-A8C4-0220F8427D9E}.Debug|Any CPU.ActiveCfg = Debug|Any CPU
		{F525C568-6C84-4FCC-A8C4-0220F8427D9E}.Debug|Any CPU.Build.0 = Debug|Any CPU
		{F525C568-6C84-4FCC-A8C4-0220F8427D9E}.Release|Any CPU.ActiveCfg = Release|Any CPU
		{F525C568-6C84-4FCC-A8C4-0220F8427D9E}.Release|Any CPU.Build.0 = Release|Any CPU
	EndGlobalSection
	GlobalSection(SolutionProperties) = preSolution
		HideSolutionNode = FALSE
	EndGlobalSection
	GlobalSection(ExtensibilityGlobals) = postSolution
		SolutionGuid = {1919FA35-DECB-40AA-8859-43055CBFF8B7}
	EndGlobalSection
EndGlobal
